
Microsoft Visual Studio Solution File, Format Version 12.00
# Visual Studio Version 17
VisualStudioVersion = 17.12.35527.113
MinimumVisualStudioVersion = 10.0.40219.1
Project("{9A19103F-16F7-4668-BE54-9A1E7A4F7556}") = "Investor", "Investor\Investor.csproj", "{4E3145C5-559A-4A5C-90DE-F02CAC99F954}"
EndProject
Project("{9A19103F-16F7-4668-BE54-9A1E7A4F7556}") = "InvestorsAPI", "..\InvestorsAPI\InvestorsAPI\InvestorsAPI.csproj", "{2B1C0F59-8D0A-4D30-B197-51E03412F99B}"
EndProject
Global
	GlobalSection(SolutionConfigurationPlatforms) = preSolution
		Debug|Any CPU = Debug|Any CPU
		Release|Any CPU = Release|Any CPU
	EndGlobalSection
	GlobalSection(ProjectConfigurationPlatforms) = postSolution
		{4E3145C5-559A-4A5C-90DE-F02CAC99F954}.Debug|Any CPU.ActiveCfg = Debug|Any CPU
		{4E3145C5-559A-4A5C-90DE-F02CAC99F954}.Debug|Any CPU.Build.0 = Debug|Any CPU
		{4E3145C5-559A-4A5C-90DE-F02CAC99F954}.Release|Any CPU.ActiveCfg = Release|Any CPU
		{4E3145C5-559A-4A5C-90DE-F02CAC99F954}.Release|Any CPU.Build.0 = Release|Any CPU
		{2B1C0F59-8D0A-4D30-B197-51E03412F99B}.Debug|Any CPU.ActiveCfg = Debug|Any CPU
		{2B1C0F59-8D0A-4D30-B197-51E03412F99B}.Debug|Any CPU.Build.0 = Debug|Any CPU
		{2B1C0F59-8D0A-4D30-B197-51E03412F99B}.Release|Any CPU.ActiveCfg = Release|Any CPU
		{2B1C0F59-8D0A-4D30-B197-51E03412F99B}.Release|Any CPU.Build.0 = Release|Any CPU
	EndGlobalSection
	GlobalSection(SolutionProperties) = preSolution
		HideSolutionNode = FALSE
	EndGlobalSection
	GlobalSection(ExtensibilityGlobals) = postSolution
		SolutionGuid = {EF0AF6E4-4129-4807-88C8-09B5BD406A7B}
	EndGlobalSection
EndGlobal
